
Microsoft Visual Studio Solution File, Format Version 12.00
# Visual Studio 2013
VisualStudioVersion = 12.0.31101.0
MinimumVisualStudioVersion = 10.0.40219.1
Project("{FAE04EC0-301F-11D3-BF4B-00C04F79EFBC}") = "AutoAction", "Source\AutoAction\AutoAction.csproj", "{BE801571-AE47-4576-BF4B-9490718DA11E}"
EndProject
Global
	GlobalSection(SolutionConfigurationPlatforms) = preSolution
		Debug|Any CPU = Debug|Any CPU
		Release|Any CPU = Release|Any CPU
	EndGlobalSection
	GlobalSection(ProjectConfigurationPlatforms) = postSolution
		{BE801571-AE47-4576-BF4B-9490718DA11E}.Debug|Any CPU.ActiveCfg = Debug|Any CPU
		{BE801571-AE47-4576-BF4B-9490718DA11E}.Debug|Any CPU.Build.0 = Debug|Any CPU
		{BE801571-AE47-4576-BF4B-9490718DA11E}.Release|Any CPU.ActiveCfg = Release|Any CPU
		{BE801571-AE47-4576-BF4B-9490718DA11E}.Release|Any CPU.Build.0 = Release|Any CPU
	EndGlobalSection
	GlobalSection(SolutionProperties) = preSolution
		HideSolutionNode = FALSE
	EndGlobalSection
	GlobalSection(MonoDevelopProperties) = preSolution
		Policies = $0
		$0.TextStylePolicy = $1
		$1.inheritsSet = null
		$1.scope = text/x-csharp
		$0.CSharpFormattingPolicy = $2
		$2.SpaceAfterColonInBaseTypeDeclaration = False
		$2.SpaceAfterSemicolonsInForStatement = False
		$2.SpaceBeforeColonInBaseTypeDeclaration = False
		$2.scope = text/x-csharp
		$0.TextStylePolicy = $3
		$3.FileWidth = 132
		$3.scope = text/plain
	EndGlobalSection
EndGlobal
